
Microsoft Visual Studio Solution File, Format Version 12.00
# Visual Studio Version 16
VisualStudioVersion = 16.0.30011.22
MinimumVisualStudioVersion = 10.0.40219.1
Project("{9A19103F-16F7-4668-BE54-9A1E7A4F7556}") = "ZenviaSMSLib", "ZenviaSMSLib.csproj", "{A1E759C3-B36E-4A73-92AA-9BB4F8C71A1D}"
EndProject
Global
	GlobalSection(SolutionConfigurationPlatforms) = preSolution
		Debug|Any CPU = Debug|Any CPU
		Release|Any CPU = Release|Any CPU
	EndGlobalSection
	GlobalSection(ProjectConfigurationPlatforms) = postSolution
		{A1E759C3-B36E-4A73-92AA-9BB4F8C71A1D}.Debug|Any CPU.ActiveCfg = Debug|Any CPU
		{A1E759C3-B36E-4A73-92AA-9BB4F8C71A1D}.Debug|Any CPU.Build.0 = Debug|Any CPU
		{A1E759C3-B36E-4A73-92AA-9BB4F8C71A1D}.Release|Any CPU.ActiveCfg = Release|Any CPU
		{A1E759C3-B36E-4A73-92AA-9BB4F8C71A1D}.Release|Any CPU.Build.0 = Release|Any CPU
	EndGlobalSection
	GlobalSection(SolutionProperties) = preSolution
		HideSolutionNode = FALSE
	EndGlobalSection
	GlobalSection(ExtensibilityGlobals) = postSolution
		SolutionGuid = {B4E26268-BC0B-42E3-ABCC-2CC1A580AC74}
	EndGlobalSection
EndGlobal
